// !$*UTF8*$!
{
	archiveVersion = 1;
	classes = {
	};
	objectVersion = 46;
	objects = {

/* Begin PBXBuildFile section */
		8BA5A1911F26829C00C5DA1E /* DemoScene.swift in Sources */ = {isa = PBXBuildFile; fileRef = 8BA5A1901F26829C00C5DA1E /* DemoScene.swift */; };
		8BA5A1931F2682B700C5DA1E /* KafkaScene.swift in Sources */ = {isa = PBXBuildFile; fileRef = 8BA5A1921F2682B700C5DA1E /* KafkaScene.swift */; };
		8BA5A1951F26883400C5DA1E /* RobotoMono-Regular.ttf in Resources */ = {isa = PBXBuildFile; fileRef = 8BA5A1941F26883400C5DA1E /* RobotoMono-Regular.ttf */; };
		8BA5A1971F2698F100C5DA1E /* CreditsController.swift in Sources */ = {isa = PBXBuildFile; fileRef = 8BA5A1961F2698F100C5DA1E /* CreditsController.swift */; };
		8BDA64791F252B55008BAB6A /* AppDelegate.swift in Sources */ = {isa = PBXBuildFile; fileRef = 8BDA64781F252B55008BAB6A /* AppDelegate.swift */; };
		8BDA647B1F252B55008BAB6A /* ViewController.swift in Sources */ = {isa = PBXBuildFile; fileRef = 8BDA647A1F252B55008BAB6A /* ViewController.swift */; };
		8BDA647E1F252B55008BAB6A /* Main.storyboard in Resources */ = {isa = PBXBuildFile; fileRef = 8BDA647C1F252B55008BAB6A /* Main.storyboard */; };
		8BDA64801F252B55008BAB6A /* Assets.xcassets in Resources */ = {isa = PBXBuildFile; fileRef = 8BDA647F1F252B55008BAB6A /* Assets.xcassets */; };
		8BDA64831F252B55008BAB6A /* LaunchScreen.storyboard in Resources */ = {isa = PBXBuildFile; fileRef = 8BDA64811F252B55008BAB6A /* LaunchScreen.storyboard */; };
		8BDA648D1F252D4A008BAB6A /* Ennemy.swift in Sources */ = {isa = PBXBuildFile; fileRef = 8BDA648C1F252D4A008BAB6A /* Ennemy.swift */; };
		8BDA648F1F252D58008BAB6A /* Teleport.swift in Sources */ = {isa = PBXBuildFile; fileRef = 8BDA648E1F252D58008BAB6A /* Teleport.swift */; };
		8BDA64931F252DA3008BAB6A /* KafkaController.swift in Sources */ = {isa = PBXBuildFile; fileRef = 8BDA64921F252DA3008BAB6A /* KafkaController.swift */; };
		8BDA64951F252DAE008BAB6A /* WinController.swift in Sources */ = {isa = PBXBuildFile; fileRef = 8BDA64941F252DAE008BAB6A /* WinController.swift */; };
		8BDA64971F253419008BAB6A /* Array2D.swift in Sources */ = {isa = PBXBuildFile; fileRef = 8BDA64961F253419008BAB6A /* Array2D.swift */; };
		8BDA649B1F253596008BAB6A /* Wall.swift in Sources */ = {isa = PBXBuildFile; fileRef = 8BDA649A1F253596008BAB6A /* Wall.swift */; };
		8BDA649D1F254585008BAB6A /* BoardScene.swift in Sources */ = {isa = PBXBuildFile; fileRef = 8BDA649C1F254585008BAB6A /* BoardScene.swift */; };
		8BDA649F1F25573A008BAB6A /* MonospaceSprite.swift in Sources */ = {isa = PBXBuildFile; fileRef = 8BDA649E1F25573A008BAB6A /* MonospaceSprite.swift */; };
		8BDA64A11F255857008BAB6A /* Vector2D.swift in Sources */ = {isa = PBXBuildFile; fileRef = 8BDA64A01F255857008BAB6A /* Vector2D.swift */; };
		8BDA64A31F255CA6008BAB6A /* Player.swift in Sources */ = {isa = PBXBuildFile; fileRef = 8BDA64A21F255CA6008BAB6A /* Player.swift */; };
		8BDA64A51F2560C2008BAB6A /* Empty.swift in Sources */ = {isa = PBXBuildFile; fileRef = 8BDA64A41F2560C2008BAB6A /* Empty.swift */; };
		8BDA64A71F264B99008BAB6A /* Exit.swift in Sources */ = {isa = PBXBuildFile; fileRef = 8BDA64A61F264B99008BAB6A /* Exit.swift */; };
/* End PBXBuildFile section */

/* Begin PBXFileReference section */
		8BA5A1901F26829C00C5DA1E /* DemoScene.swift */ = {isa = PBXFileReference; fileEncoding = 4; lastKnownFileType = sourcecode.swift; path = DemoScene.swift; sourceTree = "<group>"; };
		8BA5A1921F2682B700C5DA1E /* KafkaScene.swift */ = {isa = PBXFileReference; fileEncoding = 4; lastKnownFileType = sourcecode.swift; path = KafkaScene.swift; sourceTree = "<group>"; };
		8BA5A1941F26883400C5DA1E /* RobotoMono-Regular.ttf */ = {isa = PBXFileReference; lastKnownFileType = file; path = "RobotoMono-Regular.ttf"; sourceTree = "<group>"; };
		8BA5A1961F2698F100C5DA1E /* CreditsController.swift */ = {isa = PBXFileReference; fileEncoding = 4; lastKnownFileType = sourcecode.swift; path = CreditsController.swift; sourceTree = "<group>"; };
		8BDA64751F252B55008BAB6A /* Kafka.app */ = {isa = PBXFileReference; explicitFileType = wrapper.application; includeInIndex = 0; path = Kafka.app; sourceTree = BUILT_PRODUCTS_DIR; };
		8BDA64781F252B55008BAB6A /* AppDelegate.swift */ = {isa = PBXFileReference; lastKnownFileType = sourcecode.swift; path = AppDelegate.swift; sourceTree = "<group>"; };
		8BDA647A1F252B55008BAB6A /* ViewController.swift */ = {isa = PBXFileReference; lastKnownFileType = sourcecode.swift; path = ViewController.swift; sourceTree = "<group>"; };
		8BDA647D1F252B55008BAB6A /* Base */ = {isa = PBXFileReference; lastKnownFileType = file.storyboard; name = Base; path = Base.lproj/Main.storyboard; sourceTree = "<group>"; };
		8BDA647F1F252B55008BAB6A /* Assets.xcassets */ = {isa = PBXFileReference; lastKnownFileType = folder.assetcatalog; path = Assets.xcassets; sourceTree = "<group>"; };
		8BDA64821F252B55008BAB6A /* Base */ = {isa = PBXFileReference; lastKnownFileType = file.storyboard; name = Base; path = Base.lproj/LaunchScreen.storyboard; sourceTree = "<group>"; };
		8BDA64841F252B55008BAB6A /* Info.plist */ = {isa = PBXFileReference; lastKnownFileType = text.plist.xml; path = Info.plist; sourceTree = "<group>"; };
		8BDA648C1F252D4A008BAB6A /* Ennemy.swift */ = {isa = PBXFileReference; fileEncoding = 4; lastKnownFileType = sourcecode.swift; path = Ennemy.swift; sourceTree = "<group>"; };
		8BDA648E1F252D58008BAB6A /* Teleport.swift */ = {isa = PBXFileReference; fileEncoding = 4; lastKnownFileType = sourcecode.swift; path = Teleport.swift; sourceTree = "<group>"; };
		8BDA64921F252DA3008BAB6A /* KafkaController.swift */ = {isa = PBXFileReference; fileEncoding = 4; lastKnownFileType = sourcecode.swift; path = KafkaController.swift; sourceTree = "<group>"; };
		8BDA64941F252DAE008BAB6A /* WinController.swift */ = {isa = PBXFileReference; fileEncoding = 4; lastKnownFileType = sourcecode.swift; path = WinController.swift; sourceTree = "<group>"; };
		8BDA64961F253419008BAB6A /* Array2D.swift */ = {isa = PBXFileReference; fileEncoding = 4; lastKnownFileType = sourcecode.swift; path = Array2D.swift; sourceTree = "<group>"; };
		8BDA649A1F253596008BAB6A /* Wall.swift */ = {isa = PBXFileReference; fileEncoding = 4; lastKnownFileType = sourcecode.swift; path = Wall.swift; sourceTree = "<group>"; };
		8BDA649C1F254585008BAB6A /* BoardScene.swift */ = {isa = PBXFileReference; fileEncoding = 4; lastKnownFileType = sourcecode.swift; path = BoardScene.swift; sourceTree = "<group>"; };
		8BDA649E1F25573A008BAB6A /* MonospaceSprite.swift */ = {isa = PBXFileReference; fileEncoding = 4; lastKnownFileType = sourcecode.swift; path = MonospaceSprite.swift; sourceTree = "<group>"; };
		8BDA64A01F255857008BAB6A /* Vector2D.swift */ = {isa = PBXFileReference; fileEncoding = 4; lastKnownFileType = sourcecode.swift; path = Vector2D.swift; sourceTree = "<group>"; };
		8BDA64A21F255CA6008BAB6A /* Player.swift */ = {isa = PBXFileReference; fileEncoding = 4; lastKnownFileType = sourcecode.swift; path = Player.swift; sourceTree = "<group>"; };
		8BDA64A41F2560C2008BAB6A /* Empty.swift */ = {isa = PBXFileReference; fileEncoding = 4; lastKnownFileType = sourcecode.swift; path = Empty.swift; sourceTree = "<group>"; };
		8BDA64A61F264B99008BAB6A /* Exit.swift */ = {isa = PBXFileReference; fileEncoding = 4; lastKnownFileType = sourcecode.swift; path = Exit.swift; sourceTree = "<group>"; };
/* End PBXFileReference section */

/* Begin PBXFrameworksBuildPhase section */
		8BDA64721F252B55008BAB6A /* Frameworks */ = {
			isa = PBXFrameworksBuildPhase;
			buildActionMask = 2147483647;
			files = (
			);
			runOnlyForDeploymentPostprocessing = 0;
		};
/* End PBXFrameworksBuildPhase section */

/* Begin PBXGroup section */
		8BDA646C1F252B55008BAB6A = {
			isa = PBXGroup;
			children = (
				8BDA64771F252B55008BAB6A /* Kafka */,
				8BDA64761F252B55008BAB6A /* Products */,
			);
			sourceTree = "<group>";
		};
		8BDA64761F252B55008BAB6A /* Products */ = {
			isa = PBXGroup;
			children = (
				8BDA64751F252B55008BAB6A /* Kafka.app */,
			);
			name = Products;
			sourceTree = "<group>";
		};
		8BDA64771F252B55008BAB6A /* Kafka */ = {
			isa = PBXGroup;
			children = (
				8BDA64781F252B55008BAB6A /* AppDelegate.swift */,
				8BDA647A1F252B55008BAB6A /* ViewController.swift */,
				8BA5A1961F2698F100C5DA1E /* CreditsController.swift */,
				8BDA64921F252DA3008BAB6A /* KafkaController.swift */,
				8BDA64941F252DAE008BAB6A /* WinController.swift */,
				8BDA647C1F252B55008BAB6A /* Main.storyboard */,
				8BDA647F1F252B55008BAB6A /* Assets.xcassets */,
				8BDA64811F252B55008BAB6A /* LaunchScreen.storyboard */,
				8BDA64841F252B55008BAB6A /* Info.plist */,
				8BDA649C1F254585008BAB6A /* BoardScene.swift */,
				8BA5A1901F26829C00C5DA1E /* DemoScene.swift */,
				8BA5A1921F2682B700C5DA1E /* KafkaScene.swift */,
				8BDA64961F253419008BAB6A /* Array2D.swift */,
				8BDA64A01F255857008BAB6A /* Vector2D.swift */,
				8BDA648C1F252D4A008BAB6A /* Ennemy.swift */,
				8BDA648E1F252D58008BAB6A /* Teleport.swift */,
				8BDA64A21F255CA6008BAB6A /* Player.swift */,
				8BDA649A1F253596008BAB6A /* Wall.swift */,
				8BDA64A41F2560C2008BAB6A /* Empty.swift */,
				8BDA64A61F264B99008BAB6A /* Exit.swift */,
				8BDA649E1F25573A008BAB6A /* MonospaceSprite.swift */,
				8BA5A1941F26883400C5DA1E /* RobotoMono-Regular.ttf */,
			);
			path = Kafka;
			sourceTree = "<group>";
		};
/* End PBXGroup section */

/* Begin PBXNativeTarget section */
		8BDA64741F252B55008BAB6A /* Kafka */ = {
			isa = PBXNativeTarget;
			buildConfigurationList = 8BDA64871F252B55008BAB6A /* Build configuration list for PBXNativeTarget "Kafka" */;
			buildPhases = (
				8BDA64711F252B55008BAB6A /* Sources */,
				8BDA64721F252B55008BAB6A /* Frameworks */,
				8BDA64731F252B55008BAB6A /* Resources */,
			);
			buildRules = (
			);
			dependencies = (
			);
			name = Kafka;
			productName = Kafka;
			productReference = 8BDA64751F252B55008BAB6A /* Kafka.app */;
			productType = "com.apple.product-type.application";
		};
/* End PBXNativeTarget section */

/* Begin PBXProject section */
		8BDA646D1F252B55008BAB6A /* Project object */ = {
			isa = PBXProject;
			attributes = {
				LastSwiftUpdateCheck = 0830;
				LastUpgradeCheck = 0830;
				ORGANIZATIONNAME = TroisYaourts;
				TargetAttributes = {
					8BDA64741F252B55008BAB6A = {
						CreatedOnToolsVersion = 8.3.3;
						DevelopmentTeam = NZGWYX756E;
						ProvisioningStyle = Automatic;
					};
				};
			};
			buildConfigurationList = 8BDA64701F252B55008BAB6A /* Build configuration list for PBXProject "Kafka" */;
			compatibilityVersion = "Xcode 3.2";
			developmentRegion = English;
			hasScannedForEncodings = 0;
			knownRegions = (
				en,
				Base,
			);
			mainGroup = 8BDA646C1F252B55008BAB6A;
			productRefGroup = 8BDA64761F252B55008BAB6A /* Products */;
			projectDirPath = "";
			projectRoot = "";
			targets = (
				8BDA64741F252B55008BAB6A /* Kafka */,
			);
		};
/* End PBXProject section */

/* Begin PBXResourcesBuildPhase section */
		8BDA64731F252B55008BAB6A /* Resources */ = {
			isa = PBXResourcesBuildPhase;
			buildActionMask = 2147483647;
			files = (
				8BDA64831F252B55008BAB6A /* LaunchScreen.storyboard in Resources */,
				8BDA64801F252B55008BAB6A /* Assets.xcassets in Resources */,
				8BDA647E1F252B55008BAB6A /* Main.storyboard in Resources */,
				8BA5A1951F26883400C5DA1E /* RobotoMono-Regular.ttf in Resources */,
			);
			runOnlyForDeploymentPostprocessing = 0;
		};
/* End PBXResourcesBuildPhase section */

/* Begin PBXSourcesBuildPhase section */
		8BDA64711F252B55008BAB6A /* Sources */ = {
			isa = PBXSourcesBuildPhase;
			buildActionMask = 2147483647;
			files = (
				8BDA64951F252DAE008BAB6A /* WinController.swift in Sources */,
				8BDA64971F253419008BAB6A /* Array2D.swift in Sources */,
				8BDA647B1F252B55008BAB6A /* ViewController.swift in Sources */,
				8BDA649B1F253596008BAB6A /* Wall.swift in Sources */,
				8BDA64A31F255CA6008BAB6A /* Player.swift in Sources */,
				8BDA64A51F2560C2008BAB6A /* Empty.swift in Sources */,
				8BDA649F1F25573A008BAB6A /* MonospaceSprite.swift in Sources */,
				8BA5A1931F2682B700C5DA1E /* KafkaScene.swift in Sources */,
				8BDA64A11F255857008BAB6A /* Vector2D.swift in Sources */,
				8BDA64791F252B55008BAB6A /* AppDelegate.swift in Sources */,
				8BDA64A71F264B99008BAB6A /* Exit.swift in Sources */,
				8BDA648F1F252D58008BAB6A /* Teleport.swift in Sources */,
				8BDA648D1F252D4A008BAB6A /* Ennemy.swift in Sources */,
				8BA5A1971F2698F100C5DA1E /* CreditsController.swift in Sources */,
				8BDA64931F252DA3008BAB6A /* KafkaController.swift in Sources */,
				8BDA649D1F254585008BAB6A /* BoardScene.swift in Sources */,
				8BA5A1911F26829C00C5DA1E /* DemoScene.swift in Sources */,
			);
			runOnlyForDeploymentPostprocessing = 0;
		};
/* End PBXSourcesBuildPhase section */

/* Begin PBXVariantGroup section */
		8BDA647C1F252B55008BAB6A /* Main.storyboard */ = {
			isa = PBXVariantGroup;
			children = (
				8BDA647D1F252B55008BAB6A /* Base */,
			);
			name = Main.storyboard;
			sourceTree = "<group>";
		};
		8BDA64811F252B55008BAB6A /* LaunchScreen.storyboard */ = {
			isa = PBXVariantGroup;
			children = (
				8BDA64821F252B55008BAB6A /* Base */,
			);
			name = LaunchScreen.storyboard;
			sourceTree = "<group>";
		};
/* End PBXVariantGroup section */

/* Begin XCBuildConfiguration section */
		8BDA64851F252B55008BAB6A /* Debug */ = {
			isa = XCBuildConfiguration;
			buildSettings = {
				ALWAYS_SEARCH_USER_PATHS = NO;
				CLANG_ANALYZER_NONNULL = YES;
				CLANG_ANALYZER_NUMBER_OBJECT_CONVERSION = YES_AGGRESSIVE;
				CLANG_CXX_LANGUAGE_STANDARD = "gnu++0x";
				CLANG_CXX_LIBRARY = "libc++";
				CLANG_ENABLE_MODULES = YES;
				CLANG_ENABLE_OBJC_ARC = YES;
				CLANG_WARN_BOOL_CONVERSION = YES;
				CLANG_WARN_CONSTANT_CONVERSION = YES;
				CLANG_WARN_DIRECT_OBJC_ISA_USAGE = YES_ERROR;
				CLANG_WARN_DOCUMENTATION_COMMENTS = YES;
				CLANG_WARN_EMPTY_BODY = YES;
				CLANG_WARN_ENUM_CONVERSION = YES;
				CLANG_WARN_INFINITE_RECURSION = YES;
				CLANG_WARN_INT_CONVERSION = YES;
				CLANG_WARN_OBJC_ROOT_CLASS = YES_ERROR;
				CLANG_WARN_SUSPICIOUS_MOVE = YES;
				CLANG_WARN_UNREACHABLE_CODE = YES;
				CLANG_WARN__DUPLICATE_METHOD_MATCH = YES;
				"CODE_SIGN_IDENTITY[sdk=iphoneos*]" = "iPhone Developer";
				COPY_PHASE_STRIP = NO;
				DEBUG_INFORMATION_FORMAT = dwarf;
				ENABLE_STRICT_OBJC_MSGSEND = YES;
				ENABLE_TESTABILITY = YES;
				GCC_C_LANGUAGE_STANDARD = gnu99;
				GCC_DYNAMIC_NO_PIC = NO;
				GCC_NO_COMMON_BLOCKS = YES;
				GCC_OPTIMIZATION_LEVEL = 0;
				GCC_PREPROCESSOR_DEFINITIONS = (
					"DEBUG=1",
					"$(inherited)",
				);
				GCC_WARN_64_TO_32_BIT_CONVERSION = YES;
				GCC_WARN_ABOUT_RETURN_TYPE = YES_ERROR;
				GCC_WARN_UNDECLARED_SELECTOR = YES;
				GCC_WARN_UNINITIALIZED_AUTOS = YES_AGGRESSIVE;
				GCC_WARN_UNUSED_FUNCTION = YES;
				GCC_WARN_UNUSED_VARIABLE = YES;
				IPHONEOS_DEPLOYMENT_TARGET = 10.3;
				MTL_ENABLE_DEBUG_INFO = YES;
				ONLY_ACTIVE_ARCH = YES;
				SDKROOT = iphoneos;
				SWIFT_ACTIVE_COMPILATION_CONDITIONS = DEBUG;
				SWIFT_OPTIMIZATION_LEVEL = "-Onone";
			};
			name = Debug;
		};
		8BDA64861F252B55008BAB6A /* Release */ = {
			isa = XCBuildConfiguration;
			buildSettings = {
				ALWAYS_SEARCH_USER_PATHS = NO;
				CLANG_ANALYZER_NONNULL = YES;
				CLANG_ANALYZER_NUMBER_OBJECT_CONVERSION = YES_AGGRESSIVE;
				CLANG_CXX_LANGUAGE_STANDARD = "gnu++0x";
				CLANG_CXX_LIBRARY = "libc++";
				CLANG_ENABLE_MODULES = YES;
				CLANG_ENABLE_OBJC_ARC = YES;
				CLANG_WARN_BOOL_CONVERSION = YES;
				CLANG_WARN_CONSTANT_CONVERSION = YES;
				CLANG_WARN_DIRECT_OBJC_ISA_USAGE = YES_ERROR;
				CLANG_WARN_DOCUMENTATION_COMMENTS = YES;
				CLANG_WARN_EMPTY_BODY = YES;
				CLANG_WARN_ENUM_CONVERSION = YES;
				CLANG_WARN_INFINITE_RECURSION = YES;
				CLANG_WARN_INT_CONVERSION = YES;
				CLANG_WARN_OBJC_ROOT_CLASS = YES_ERROR;
				CLANG_WARN_SUSPICIOUS_MOVE = YES;
				CLANG_WARN_UNREACHABLE_CODE = YES;
				CLANG_WARN__DUPLICATE_METHOD_MATCH = YES;
				"CODE_SIGN_IDENTITY[sdk=iphoneos*]" = "iPhone Developer";
				COPY_PHASE_STRIP = NO;
				DEBUG_INFORMATION_FORMAT = "dwarf-with-dsym";
				ENABLE_NS_ASSERTIONS = NO;
				ENABLE_STRICT_OBJC_MSGSEND = YES;
				GCC_C_LANGUAGE_STANDARD = gnu99;
				GCC_NO_COMMON_BLOCKS = YES;
				GCC_WARN_64_TO_32_BIT_CONVERSION = YES;
				GCC_WARN_ABOUT_RETURN_TYPE = YES_ERROR;
				GCC_WARN_UNDECLARED_SELECTOR = YES;
				GCC_WARN_UNINITIALIZED_AUTOS = YES_AGGRESSIVE;
				GCC_WARN_UNUSED_FUNCTION = YES;
				GCC_WARN_UNUSED_VARIABLE = YES;
				IPHONEOS_DEPLOYMENT_TARGET = 10.3;
				MTL_ENABLE_DEBUG_INFO = NO;
				SDKROOT = iphoneos;
				SWIFT_OPTIMIZATION_LEVEL = "-Owholemodule";
				VALIDATE_PRODUCT = YES;
			};
			name = Release;
		};
		8BDA64881F252B55008BAB6A /* Debug */ = {
			isa = XCBuildConfiguration;
			buildSettings = {
				ASSETCATALOG_COMPILER_APPICON_NAME = AppIcon;
				DEVELOPMENT_TEAM = NZGWYX756E;
				INFOPLIST_FILE = Kafka/Info.plist;
				LD_RUNPATH_SEARCH_PATHS = "$(inherited) @executable_path/Frameworks";
				PRODUCT_BUNDLE_IDENTIFIER = com.troisyaourts.kafka;
				PRODUCT_NAME = "$(TARGET_NAME)";
				SWIFT_VERSION = 3.0;
			};
			name = Debug;
		};
		8BDA64891F252B55008BAB6A /* Release */ = {
			isa = XCBuildConfiguration;
			buildSettings = {
				ASSETCATALOG_COMPILER_APPICON_NAME = AppIcon;
				DEVELOPMENT_TEAM = NZGWYX756E;
				INFOPLIST_FILE = Kafka/Info.plist;
				LD_RUNPATH_SEARCH_PATHS = "$(inherited) @executable_path/Frameworks";
				PRODUCT_BUNDLE_IDENTIFIER = com.troisyaourts.kafka;
				PRODUCT_NAME = "$(TARGET_NAME)";
				SWIFT_VERSION = 3.0;
			};
			name = Release;
		};
/* End XCBuildConfiguration section */

/* Begin XCConfigurationList section */
		8BDA64701F252B55008BAB6A /* Build configuration list for PBXProject "Kafka" */ = {
			isa = XCConfigurationList;
			buildConfigurations = (
				8BDA64851F252B55008BAB6A /* Debug */,
				8BDA64861F252B55008BAB6A /* Release */,
			);
			defaultConfigurationIsVisible = 0;
			defaultConfigurationName = Release;
		};
		8BDA64871F252B55008BAB6A /* Build configuration list for PBXNativeTarget "Kafka" */ = {
			isa = XCConfigurationList;
			buildConfigurations = (
				8BDA64881F252B55008BAB6A /* Debug */,
				8BDA64891F252B55008BAB6A /* Release */,
			);
			defaultConfigurationIsVisible = 0;
			defaultConfigurationName = Release;
		};
/* End XCConfigurationList section */
	};
	rootObject = 8BDA646D1F252B55008BAB6A /* Project object */;
}
